// !$*UTF8*$!
{
	archiveVersion = 1;
	classes = {
	};
	objectVersion = 56;
	objects = {

/* Begin PBXBuildFile section */
		A1000001 /* MacMeterApp.swift in Sources */ = {isa = PBXBuildFile; fileRef = A1000000 /* MacMeterApp.swift */; };
		A1000003 /* WidgetProtocol.swift in Sources */ = {isa = PBXBuildFile; fileRef = A1000002 /* WidgetProtocol.swift */; };
		A1000005 /* WidgetModel.swift in Sources */ = {isa = PBXBuildFile; fileRef = A1000004 /* WidgetModel.swift */; };
		A1000007 /* ThemeModel.swift in Sources */ = {isa = PBXBuildFile; fileRef = A1000006 /* ThemeModel.swift */; };
		A1000009 /* WidgetManager.swift in Sources */ = {isa = PBXBuildFile; fileRef = A1000008 /* WidgetManager.swift */; };
		A100000B /* WeatherScraper.swift in Sources */ = {isa = PBXBuildFile; fileRef = A100000A /* WeatherScraper.swift */; };
		A100000D /* DesktopView.swift in Sources */ = {isa = PBXBuildFile; fileRef = A100000C /* DesktopView.swift */; };
		A100000F /* WidgetMenuView.swift in Sources */ = {isa = PBXBuildFile; fileRef = A100000E /* WidgetMenuView.swift */; };
		A1000011 /* ClockWidgetView.swift in Sources */ = {isa = PBXBuildFile; fileRef = A1000010 /* ClockWidgetView.swift */; };
		A1000013 /* WeatherWidgetView.swift in Sources */ = {isa = PBXBuildFile; fileRef = A1000012 /* WeatherWidgetView.swift */; };
		A1000015 /* MusicWidgetView.swift in Sources */ = {isa = PBXBuildFile; fileRef = A1000014 /* MusicWidgetView.swift */; };
		A1000017 /* SystemStatsWidgetView.swift in Sources */ = {isa = PBXBuildFile; fileRef = A1000016 /* SystemStatsWidgetView.swift */; };
		A1000019 /* NotesWidgetView.swift in Sources */ = {isa = PBXBuildFile; fileRef = A1000018 /* NotesWidgetView.swift */; };
		A100001B /* Color+Hex.swift in Sources */ = {isa = PBXBuildFile; fileRef = A100001A /* Color+Hex.swift */; };
		A100001D /* View+Blur.swift in Sources */ = {isa = PBXBuildFile; fileRef = A100001C /* View+Blur.swift */; };
		A100001F /* String+Extensions.swift in Sources */ = {isa = PBXBuildFile; fileRef = A100001E /* String+Extensions.swift */; };
		A1000021 /* FileManagerUtils.swift in Sources */ = {isa = PBXBuildFile; fileRef = A1000020 /* FileManagerUtils.swift */; };
		A1000023 /* JSONLoader.swift in Sources */ = {isa = PBXBuildFile; fileRef = A1000022 /* JSONLoader.swift */; };
		A1000025 /* Assets.xcassets in Resources */ = {isa = PBXBuildFile; fileRef = A1000024 /* Assets.xcassets */; };
/* End PBXBuildFile section */

/* Begin PBXFileReference section */
		A0FFFFFF /* MacMeter.app */ = {isa = PBXFileReference; explicitFileType = wrapper.application; includeInIndex = 0; path = MacMeter.app; sourceTree = BUILT_PRODUCTS_DIR; };
		A1000000 /* MacMeterApp.swift */ = {isa = PBXFileReference; lastKnownFileType = sourcecode.swift; path = MacMeterApp.swift; sourceTree = "<group>"; };
		A1000002 /* WidgetProtocol.swift */ = {isa = PBXFileReference; lastKnownFileType = sourcecode.swift; path = WidgetProtocol.swift; sourceTree = "<group>"; };
		A1000004 /* WidgetModel.swift */ = {isa = PBXFileReference; lastKnownFileType = sourcecode.swift; path = WidgetModel.swift; sourceTree = "<group>"; };
		A1000006 /* ThemeModel.swift */ = {isa = PBXFileReference; lastKnownFileType = sourcecode.swift; path = ThemeModel.swift; sourceTree = "<group>"; };
		A1000008 /* WidgetManager.swift */ = {isa = PBXFileReference; lastKnownFileType = sourcecode.swift; path = WidgetManager.swift; sourceTree = "<group>"; };
		A100000A /* WeatherScraper.swift */ = {isa = PBXFileReference; lastKnownFileType = sourcecode.swift; path = WeatherScraper.swift; sourceTree = "<group>"; };
		A100000C /* DesktopView.swift */ = {isa = PBXFileReference; lastKnownFileType = sourcecode.swift; path = DesktopView.swift; sourceTree = "<group>"; };
		A100000E /* WidgetMenuView.swift */ = {isa = PBXFileReference; lastKnownFileType = sourcecode.swift; path = WidgetMenuView.swift; sourceTree = "<group>"; };
		A1000010 /* ClockWidgetView.swift */ = {isa = PBXFileReference; lastKnownFileType = sourcecode.swift; path = ClockWidgetView.swift; sourceTree = "<group>"; };
		A1000012 /* WeatherWidgetView.swift */ = {isa = PBXFileReference; lastKnownFileType = sourcecode.swift; path = WeatherWidgetView.swift; sourceTree = "<group>"; };
		A1000014 /* MusicWidgetView.swift */ = {isa = PBXFileReference; lastKnownFileType = sourcecode.swift; path = MusicWidgetView.swift; sourceTree = "<group>"; };
		A1000016 /* SystemStatsWidgetView.swift */ = {isa = PBXFileReference; lastKnownFileType = sourcecode.swift; path = SystemStatsWidgetView.swift; sourceTree = "<group>"; };
		A1000018 /* NotesWidgetView.swift */ = {isa = PBXFileReference; lastKnownFileType = sourcecode.swift; path = NotesWidgetView.swift; sourceTree = "<group>"; };
		A100001A /* Color+Hex.swift */ = {isa = PBXFileReference; lastKnownFileType = sourcecode.swift; path = "Color+Hex.swift"; sourceTree = "<group>"; };
		A100001C /* View+Blur.swift */ = {isa = PBXFileReference; lastKnownFileType = sourcecode.swift; path = "View+Blur.swift"; sourceTree = "<group>"; };
		A100001E /* String+Extensions.swift */ = {isa = PBXFileReference; lastKnownFileType = sourcecode.swift; path = "String+Extensions.swift"; sourceTree = "<group>"; };
		A1000020 /* FileManagerUtils.swift */ = {isa = PBXFileReference; lastKnownFileType = sourcecode.swift; path = FileManagerUtils.swift; sourceTree = "<group>"; };
		A1000022 /* JSONLoader.swift */ = {isa = PBXFileReference; lastKnownFileType = sourcecode.swift; path = JSONLoader.swift; sourceTree = "<group>"; };
		A1000024 /* Assets.xcassets */ = {isa = PBXFileReference; lastKnownFileType = folder.assetcatalog; path = Assets.xcassets; sourceTree = "<group>"; };
		A1000026 /* Info.plist */ = {isa = PBXFileReference; lastKnownFileType = text.plist.xml; path = Info.plist; sourceTree = "<group>"; };
/* End PBXFileReference section */

/* Begin PBXFrameworksBuildPhase section */
		A0FFFFFE /* Frameworks */ = {
			isa = PBXFrameworksBuildPhase;
			buildActionMask = 2147483647;
			files = (
			);
			runOnlyForDeploymentPostprocessing = 0;
		};
/* End PBXFrameworksBuildPhase section */

/* Begin PBXGroup section */
		A0FFFFF8 = {
			isa = PBXGroup;
			children = (
				A0FFFFFF /* MacMeter */,
				A0FFFFFD /* Products */,
			);
			sourceTree = "<group>";
		};
		A0FFFFFD /* Products */ = {
			isa = PBXGroup;
			children = (
				A0FFFFFF /* MacMeter.app */,
			);
			name = Products;
			sourceTree = "<group>";
		};
		A0FFFFFF /* MacMeter */ = {
			isa = PBXGroup;
			children = (
				A1000000 /* MacMeterApp.swift */,
				A1000027 /* Models */,
				A1000028 /* Managers */,
				A1000029 /* Views */,
				A100002A /* Extensions */,
				A100002B /* Utils */,
				A1000024 /* Assets.xcassets */,
				A1000026 /* Info.plist */,
			);
			path = MacMeter;
			sourceTree = "<group>";
		};
		A1000027 /* Models */ = {
			isa = PBXGroup;
			children = (
				A1000002 /* WidgetProtocol.swift */,
				A1000004 /* WidgetModel.swift */,
				A1000006 /* ThemeModel.swift */,
			);
			path = Models;
			sourceTree = "<group>";
		};
		A1000028 /* Managers */ = {
			isa = PBXGroup;
			children = (
				A1000008 /* WidgetManager.swift */,
				A100000A /* WeatherScraper.swift */,
			);
			path = Managers;
			sourceTree = "<group>";
		};
		A1000029 /* Views */ = {
			isa = PBXGroup;
			children = (
				A100000C /* DesktopView.swift */,
				A100000E /* WidgetMenuView.swift */,
				A100002C /* Widgets */,
			);
			path = Views;
			sourceTree = "<group>";
		};
		A100002A /* Extensions */ = {
			isa = PBXGroup;
			children = (
				A100001A /* Color+Hex.swift */,
				A100001C /* View+Blur.swift */,
				A100001E /* String+Extensions.swift */,
			);
			path = Extensions;
			sourceTree = "<group>";
		};
		A100002B /* Utils */ = {
			isa = PBXGroup;
			children = (
				A1000020 /* FileManagerUtils.swift */,
				A1000022 /* JSONLoader.swift */,
			);
			path = Utils;
			sourceTree = "<group>";
		};
		A100002C /* Widgets */ = {
			isa = PBXGroup;
			children = (
				A100002D /* ClockWidget */,
				A100002E /* WeatherWidget */,
				A100002F /* MusicWidget */,
				A1000030 /* SystemStatsWidget */,
				A1000031 /* NotesWidget */,
			);
			path = Widgets;
			sourceTree = "<group>";
		};
		A100002D /* ClockWidget */ = {
			isa = PBXGroup;
			children = (
				A1000010 /* ClockWidgetView.swift */,
			);
			path = ClockWidget;
			sourceTree = "<group>";
		};
		A100002E /* WeatherWidget */ = {
			isa = PBXGroup;
			children = (
				A1000012 /* WeatherWidgetView.swift */,
			);
			path = WeatherWidget;
			sourceTree = "<group>";
		};
		A100002F /* MusicWidget */ = {
			isa = PBXGroup;
			children = (
				A1000014 /* MusicWidgetView.swift */,
			);
			path = MusicWidget;
			sourceTree = "<group>";
		};
		A1000030 /* SystemStatsWidget */ = {
			isa = PBXGroup;
			children = (
				A1000016 /* SystemStatsWidgetView.swift */,
			);
			path = SystemStatsWidget;
			sourceTree = "<group>";
		};
		A1000031 /* NotesWidget */ = {
			isa = PBXGroup;
			children = (
				A1000018 /* NotesWidgetView.swift */,
			);
			path = NotesWidget;
			sourceTree = "<group>";
		};
/* End PBXGroup section */

/* Begin PBXNativeTarget section */
		A0FFFFFD /* MacMeter */ = {
			isa = PBXNativeTarget;
			buildConfigurationList = A1000032 /* Build configuration list for PBXNativeTarget "MacMeter" */;
			buildPhases = (
				A0FFFFFA /* Sources */,
				A0FFFFFE /* Frameworks */,
				A0FFFFFF /* Resources */,
			);
			buildRules = (
			);
			dependencies = (
			);
			name = MacMeter;
			productName = MacMeter;
			productReference = A0FFFFFF /* MacMeter.app */;
			productType = "com.apple.product-type.application";
		};
/* End PBXNativeTarget section */

/* Begin PBXProject section */
		A0FFFFF9 /* Project object */ = {
			isa = PBXProject;
			attributes = {
				BuildIndependentTargetsInParallel = 1;
				LastSwiftUpdateCheck = 1500;
				LastUpgradeCheck = 1500;
				TargetAttributes = {
					A0FFFFFD = {
						CreatedOnToolsVersion = 15.0;
					};
				};
			};
			buildConfigurationList = A0FFFFFC /* Build configuration list for PBXProject "MacMeter" */;
			compatibilityVersion = "Xcode 14.0";
			developmentRegion = en;
			hasScannedForEncodings = 0;
			knownRegions = (
				en,
				Base,
			);
			mainGroup = A0FFFFF8;
			productRefGroup = A0FFFFFD /* Products */;
			projectDirPath = "";
			projectRoot = "";
			targets = (
				A0FFFFFD /* MacMeter */,
			);
		};
/* End PBXProject section */

/* Begin PBXResourcesBuildPhase section */
		A0FFFFFF /* Resources */ = {
			isa = PBXResourcesBuildPhase;
			buildActionMask = 2147483647;
			files = (
				A1000025 /* Assets.xcassets in Resources */,
			);
			runOnlyForDeploymentPostprocessing = 0;
		};
/* End PBXResourcesBuildPhase section */

/* Begin PBXSourcesBuildPhase section */
		A0FFFFFA /* Sources */ = {
			isa = PBXSourcesBuildPhase;
			buildActionMask = 2147483647;
			files = (
				A1000001 /* MacMeterApp.swift in Sources */,
				A1000003 /* WidgetProtocol.swift in Sources */,
				A1000005 /* WidgetModel.swift in Sources */,
				A1000007 /* ThemeModel.swift in Sources */,
				A1000009 /* WidgetManager.swift in Sources */,
				A100000B /* WeatherScraper.swift in Sources */,
				A100000D /* DesktopView.swift in Sources */,
				A100000F /* WidgetMenuView.swift in Sources */,
				A1000011 /* ClockWidgetView.swift in Sources */,
				A1000013 /* WeatherWidgetView.swift in Sources */,
				A1000015 /* MusicWidgetView.swift in Sources */,
				A1000017 /* SystemStatsWidgetView.swift in Sources */,
				A1000019 /* NotesWidgetView.swift in Sources */,
				A100001B /* Color+Hex.swift in Sources */,
				A100001D /* View+Blur.swift in Sources */,
				A100001F /* String+Extensions.swift in Sources */,
				A1000021 /* FileManagerUtils.swift in Sources */,
				A1000023 /* JSONLoader.swift in Sources */,
			);
			runOnlyForDeploymentPostprocessing = 0;
		};
/* End PBXSourcesBuildPhase section */

/* Begin XCBuildConfiguration section */
		A1000033 /* Debug */ = {
			isa = XCBuildConfiguration;
			buildSettings = {
				ALWAYS_SEARCH_USER_PATHS = NO;
				ASSETCATALOG_COMPILER_GENERATE_SWIFT_ASSET_SYMBOL_EXTENSIONS = YES;
				CLANG_ANALYZER_NONNULL = YES;
				CLANG_ANALYZER_NUMBER_OBJECT_CONVERSION = YES_AGGRESSIVE;
				CLANG_CXX_LANGUAGE_STANDARD = "gnu++20";
				CLANG_ENABLE_MODULES = YES;
				CLANG_ENABLE_OBJC_ARC = YES;
				CLANG_ENABLE_OBJC_WEAK = YES;
				CLANG_WARN_BLOCK_CAPTURE_AUTORELEASING = YES;
				CLANG_WARN_BOOL_CONVERSION = YES;
				CLANG_WARN_COMMA = YES;
				CLANG_WARN_CONSTANT_CONVERSION = YES;
				CLANG_WARN_DEPRECATED_OBJC_IMPLEMENTATIONS = YES;
				CLANG_WARN_DIRECT_OBJC_ISA_USAGE = YES_ERROR;
				CLANG_WARN_DOCUMENTATION_COMMENTS = YES;
				CLANG_WARN_EMPTY_BODY = YES;
				CLANG_WARN_ENUM_CONVERSION = YES;
				CLANG_WARN_INFINITE_RECURSION = YES;
				CLANG_WARN_INT_CONVERSION = YES;
				CLANG_WARN_NON_LITERAL_NULL_CONVERSION = YES;
				CLANG_WARN_OBJC_IMPLICIT_RETAIN_SELF = YES;
				CLANG_WARN_OBJC_LITERAL_CONVERSION = YES;
				CLANG_WARN_OBJC_ROOT_CLASS = YES_ERROR;
				CLANG_WARN_QUOTED_INCLUDE_IN_FRAMEWORK_HEADER = YES;
				CLANG_WARN_RANGE_LOOP_ANALYSIS = YES;
				CLANG_WARN_STRICT_PROTOTYPES = YES;
				CLANG_WARN_SUSPICIOUS_MOVE = YES;
				CLANG_WARN_UNGUARDED_AVAILABILITY = YES_AGGRESSIVE;
				CLANG_WARN_UNREACHABLE_CODE = YES;
				CLANG_WARN__DUPLICATE_METHOD_MATCH = YES;
				COPY_PHASE_STRIP = NO;
				DEBUG_INFORMATION_FORMAT = dwarf;
				ENABLE_STRICT_OBJC_MSGSEND = YES;
				ENABLE_TESTABILITY = YES;
				ENABLE_USER_SCRIPT_SANDBOXING = YES;
				GCC_C_LANGUAGE_STANDARD = gnu17;
				GCC_DYNAMIC_NO_PIC = NO;
				GCC_NO_COMMON_BLOCKS = YES;
				GCC_OPTIMIZATION_LEVEL = 0;
				GCC_PREPROCESSOR_DEFINITIONS = (
					"DEBUG=1",
					"$(inherited)",
				);
				GCC_WARN_64_TO_32_BIT_CONVERSION = YES;
				GCC_WARN_ABOUT_RETURN_TYPE = YES_ERROR;
				GCC_WARN_UNDECLARED_SELECTOR = YES;
				GCC_WARN_UNINITIALIZED_AUTOS = YES_AGGRESSIVE;
				GCC_WARN_UNUSED_FUNCTION = YES;
				GCC_WARN_UNUSED_VARIABLE = YES;
				LOCALIZATION_PREFERS_STRING_CATALOGS = YES;
				MACOSX_DEPLOYMENT_TARGET = 13.0;
				MTL_ENABLE_DEBUG_INFO = INCLUDE_SOURCE;
				MTL_FAST_MATH = YES;
				ONLY_ACTIVE_ARCH = YES;
				SDKROOT = macosx;
				SWIFT_ACTIVE_COMPILATION_CONDITIONS = "DEBUG $(inherited)";
				SWIFT_OPTIMIZATION_LEVEL = "-Onone";
			};
			name = Debug;
		};
		A1000034 /* Release */ = {
			isa = XCBuildConfiguration;
			buildSettings = {
				ALWAYS_SEARCH_USER_PATHS = NO;
				ASSETCATALOG_COMPILER_GENERATE_SWIFT_ASSET_SYMBOL_EXTENSIONS = YES;
				CLANG_ANALYZER_NONNULL = YES;
				CLANG_ANALYZER_NUMBER_OBJECT_CONVERSION = YES_AGGRESSIVE;
				CLANG_CXX_LANGUAGE_STANDARD = "gnu++20";
				CLANG_ENABLE_MODULES = YES;
				CLANG_ENABLE_OBJC_ARC = YES;
				CLANG_ENABLE_OBJC_WEAK = YES;
				CLANG_WARN_BLOCK_CAPTURE_AUTORELEASING = YES;
				CLANG_WARN_BOOL_CONVERSION = YES;
				CLANG_WARN_COMMA = YES;
				CLANG_WARN_CONSTANT_CONVERSION = YES;
				CLANG_WARN_DEPRECATED_OBJC_IMPLEMENTATIONS = YES;
				CLANG_WARN_DIRECT_OBJC_ISA_USAGE = YES_ERROR;
				CLANG_WARN_DOCUMENTATION_COMMENTS = YES;
				CLANG_WARN_EMPTY_BODY = YES;
				CLANG_WARN_ENUM_CONVERSION = YES;
				CLANG_WARN_INFINITE_RECURSION = YES;
				CLANG_WARN_INT_CONVERSION = YES;
				CLANG_WARN_NON_LITERAL_NULL_CONVERSION = YES;
				CLANG_WARN_OBJC_IMPLICIT_RETAIN_SELF = YES;
				CLANG_WARN_OBJC_LITERAL_CONVERSION = YES;
				CLANG_WARN_OBJC_ROOT_CLASS = YES_ERROR;
				CLANG_WARN_QUOTED_INCLUDE_IN_FRAMEWORK_HEADER = YES;
				CLANG_WARN_RANGE_LOOP_ANALYSIS = YES;
				CLANG_WARN_STRICT_PROTOTYPES = YES;
				CLANG_WARN_SUSPICIOUS_MOVE = YES;
				CLANG_WARN_UNGUARDED_AVAILABILITY = YES_AGGRESSIVE;
				CLANG_WARN_UNREACHABLE_CODE = YES;
				CLANG_WARN__DUPLICATE_METHOD_MATCH = YES;
				COPY_PHASE_STRIP = NO;
				DEBUG_INFORMATION_FORMAT = "dwarf-with-dsym";
				ENABLE_NS_ASSERTIONS = NO;
				ENABLE_STRICT_OBJC_MSGSEND = YES;
				ENABLE_USER_SCRIPT_SANDBOXING = YES;
				GCC_C_LANGUAGE_STANDARD = gnu17;
				GCC_NO_COMMON_BLOCKS = YES;
				GCC_WARN_64_TO_32_BIT_CONVERSION = YES;
				GCC_WARN_ABOUT_RETURN_TYPE = YES_ERROR;
				GCC_WARN_UNDECLARED_SELECTOR = YES;
				GCC_WARN_UNINITIALIZED_AUTOS = YES_AGGRESSIVE;
				GCC_WARN_UNUSED_FUNCTION = YES;
				GCC_WARN_UNUSED_VARIABLE = YES;
				LOCALIZATION_PREFERS_STRING_CATALOGS = YES;
				MACOSX_DEPLOYMENT_TARGET = 13.0;
				MTL_ENABLE_DEBUG_INFO = NO;
				MTL_FAST_MATH = YES;
				SDKROOT = macosx;
				SWIFT_COMPILATION_MODE = wholemodule;
			};
			name = Release;
		};
		A1000035 /* Debug */ = {
			isa = XCBuildConfiguration;
			buildSettings = {
				ASSETCATALOG_COMPILER_APPICON_NAME = AppIcon;
				ASSETCATALOG_COMPILER_GLOBAL_ACCENT_COLOR_NAME = AccentColor;
				CODE_SIGN_ENTITLEMENTS = MacMeter/MacMeter.entitlements;
				CODE_SIGN_STYLE = Automatic;
				COMBINE_HIDPI_IMAGES = YES;
				CURRENT_PROJECT_VERSION = 1;
				DEVELOPMENT_ASSET_PATHS = "\"MacMeter/Preview Content\"";
				ENABLE_PREVIEWS = YES;
				GENERATE_INFOPLIST_FILE = YES;
				INFOPLIST_FILE = MacMeter/Info.plist;
				INFOPLIST_KEY_NSHumanReadableCopyright = "";
				LD_RUNPATH_SEARCH_PATHS = (
					"$(inherited)",
					"@executable_path/../Frameworks",
				);
				MARKETING_VERSION = 1.0;
				PRODUCT_BUNDLE_IDENTIFIER = com.macmeter.MacMeter;
				PRODUCT_NAME = "$(TARGET_NAME)";
				SWIFT_EMIT_LOC_STRINGS = YES;
				SWIFT_VERSION = 5.0;
			};
			name = Debug;
		};
		A1000036 /* Release */ = {
			isa = XCBuildConfiguration;
			buildSettings = {
				ASSETCATALOG_COMPILER_APPICON_NAME = AppIcon;
				ASSETCATALOG_COMPILER_GLOBAL_ACCENT_COLOR_NAME = AccentColor;
				CODE_SIGN_ENTITLEMENTS = MacMeter/MacMeter.entitlements;
				CODE_SIGN_STYLE = Automatic;
				COMBINE_HIDPI_IMAGES = YES;
				CURRENT_PROJECT_VERSION = 1;
				DEVELOPMENT_ASSET_PATHS = "\"MacMeter/Preview Content\"";
				ENABLE_PREVIEWS = YES;
				GENERATE_INFOPLIST_FILE = YES;
				INFOPLIST_FILE = MacMeter/Info.plist;
				INFOPLIST_KEY_NSHumanReadableCopyright = "";
				LD_RUNPATH_SEARCH_PATHS = (
					"$(inherited)",
					"@executable_path/../Frameworks",
				);
				MARKETING_VERSION = 1.0;
				PRODUCT_BUNDLE_IDENTIFIER = com.macmeter.MacMeter;
				PRODUCT_NAME = "$(TARGET_NAME)";
				SWIFT_EMIT_LOC_STRINGS = YES;
				SWIFT_VERSION = 5.0;
			};
			name = Release;
		};
/* End XCBuildConfiguration section */

/* Begin XCConfigurationList section */
		A0FFFFFC /* Build configuration list for PBXProject "MacMeter" */ = {
			isa = XCConfigurationList;
			buildConfigurations = (
				A1000033 /* Debug */,
				A1000034 /* Release */,
			);
			defaultConfigurationIsVisible = 0;
			defaultConfigurationName = Release;
		};
		A1000032 /* Build configuration list for PBXNativeTarget "MacMeter" */ = {
			isa = XCConfigurationList;
			buildConfigurations = (
				A1000035 /* Debug */,
				A1000036 /* Release */,
			);
			defaultConfigurationIsVisible = 0;
			defaultConfigurationName = Release;
		};
/* End XCConfigurationList section */
	};
	rootObject = A0FFFFF9 /* Project object */;
}




